// !$*UTF8*$!
{
	archiveVersion = 1;
	classes = {
	};
	objectVersion = 56;
	objects = {

/* Begin PBXBuildFile section */
		37D5EE5F2E59EF4D003F2648 /* AppDelegate.swift in Sources */ = {isa = PBXBuildFile; fileRef = 37D5EE5E2E59EF4D003F2648 /* AppDelegate.swift */; };
		37D5EE612E59EF4D003F2648 /* SceneDelegate.swift in Sources */ = {isa = PBXBuildFile; fileRef = 37D5EE602E59EF4D003F2648 /* SceneDelegate.swift */; };
		37D5EE632E59EF4D003F2648 /* ViewController.swift in Sources */ = {isa = PBXBuildFile; fileRef = 37D5EE622E59EF4D003F2648 /* ViewController.swift */; };
		37D5EE662E59EF4D003F2648 /* Main.storyboard in Resources */ = {isa = PBXBuildFile; fileRef = 37D5EE642E59EF4D003F2648 /* Main.storyboard */; };
		37D5EE682E59EF52003F2648 /* Assets.xcassets in Resources */ = {isa = PBXBuildFile; fileRef = 37D5EE672E59EF52003F2648 /* Assets.xcassets */; };
		37D5EE6B2E59EF52003F2648 /* LaunchScreen.storyboard in Resources */ = {isa = PBXBuildFile; fileRef = 37D5EE692E59EF52003F2648 /* LaunchScreen.storyboard */; };
		37D5EE762E59EF53003F2648 /* iQuizTests.swift in Sources */ = {isa = PBXBuildFile; fileRef = 37D5EE752E59EF53003F2648 /* iQuizTests.swift */; };
		37D5EE802E59EF53003F2648 /* iQuizUITests.swift in Sources */ = {isa = PBXBuildFile; fileRef = 37D5EE7F2E59EF53003F2648 /* iQuizUITests.swift */; };
		37D5EE822E59EF53003F2648 /* iQuizUITestsLaunchTests.swift in Sources */ = {isa = PBXBuildFile; fileRef = 37D5EE812E59EF53003F2648 /* iQuizUITestsLaunchTests.swift */; };
		37D5EE8F2E5A0286003F2648 /* QuestaoViewController.swift in Sources */ = {isa = PBXBuildFile; fileRef = 37D5EE8E2E5A0286003F2648 /* QuestaoViewController.swift */; };
		37D5EE912E5A3AFD003F2648 /* Questao.swift in Sources */ = {isa = PBXBuildFile; fileRef = 37D5EE902E5A3AFD003F2648 /* Questao.swift */; };
		37D5EE932E5B489A003F2648 /* DesempenhoViewController.swift in Sources */ = {isa = PBXBuildFile; fileRef = 37D5EE922E5B489A003F2648 /* DesempenhoViewController.swift */; };
/* End PBXBuildFile section */

/* Begin PBXContainerItemProxy section */
		37D5EE722E59EF53003F2648 /* PBXContainerItemProxy */ = {
			isa = PBXContainerItemProxy;
			containerPortal = 37D5EE532E59EF4D003F2648 /* Project object */;
			proxyType = 1;
			remoteGlobalIDString = 37D5EE5A2E59EF4D003F2648;
			remoteInfo = iQuiz;
		};
		37D5EE7C2E59EF53003F2648 /* PBXContainerItemProxy */ = {
			isa = PBXContainerItemProxy;
			containerPortal = 37D5EE532E59EF4D003F2648 /* Project object */;
			proxyType = 1;
			remoteGlobalIDString = 37D5EE5A2E59EF4D003F2648;
			remoteInfo = iQuiz;
		};
/* End PBXContainerItemProxy section */

/* Begin PBXFileReference section */
		37D5EE5B2E59EF4D003F2648 /* iQuiz.app */ = {isa = PBXFileReference; explicitFileType = wrapper.application; includeInIndex = 0; path = iQuiz.app; sourceTree = BUILT_PRODUCTS_DIR; };
		37D5EE5E2E59EF4D003F2648 /* AppDelegate.swift */ = {isa = PBXFileReference; lastKnownFileType = sourcecode.swift; path = AppDelegate.swift; sourceTree = "<group>"; };
		37D5EE602E59EF4D003F2648 /* SceneDelegate.swift */ = {isa = PBXFileReference; lastKnownFileType = sourcecode.swift; path = SceneDelegate.swift; sourceTree = "<group>"; };
		37D5EE622E59EF4D003F2648 /* ViewController.swift */ = {isa = PBXFileReference; lastKnownFileType = sourcecode.swift; path = ViewController.swift; sourceTree = "<group>"; };
		37D5EE652E59EF4D003F2648 /* Base */ = {isa = PBXFileReference; lastKnownFileType = file.storyboard; name = Base; path = Base.lproj/Main.storyboard; sourceTree = "<group>"; };
		37D5EE672E59EF52003F2648 /* Assets.xcassets */ = {isa = PBXFileReference; lastKnownFileType = folder.assetcatalog; path = Assets.xcassets; sourceTree = "<group>"; };
		37D5EE6A2E59EF52003F2648 /* Base */ = {isa = PBXFileReference; lastKnownFileType = file.storyboard; name = Base; path = Base.lproj/LaunchScreen.storyboard; sourceTree = "<group>"; };
		37D5EE6C2E59EF52003F2648 /* Info.plist */ = {isa = PBXFileReference; lastKnownFileType = text.plist.xml; path = Info.plist; sourceTree = "<group>"; };
		37D5EE712E59EF53003F2648 /* iQuizTests.xctest */ = {isa = PBXFileReference; explicitFileType = wrapper.cfbundle; includeInIndex = 0; path = iQuizTests.xctest; sourceTree = BUILT_PRODUCTS_DIR; };
		37D5EE752E59EF53003F2648 /* iQuizTests.swift */ = {isa = PBXFileReference; lastKnownFileType = sourcecode.swift; path = iQuizTests.swift; sourceTree = "<group>"; };
		37D5EE7B2E59EF53003F2648 /* iQuizUITests.xctest */ = {isa = PBXFileReference; explicitFileType = wrapper.cfbundle; includeInIndex = 0; path = iQuizUITests.xctest; sourceTree = BUILT_PRODUCTS_DIR; };
		37D5EE7F2E59EF53003F2648 /* iQuizUITests.swift */ = {isa = PBXFileReference; lastKnownFileType = sourcecode.swift; path = iQuizUITests.swift; sourceTree = "<group>"; };
		37D5EE812E59EF53003F2648 /* iQuizUITestsLaunchTests.swift */ = {isa = PBXFileReference; lastKnownFileType = sourcecode.swift; path = iQuizUITestsLaunchTests.swift; sourceTree = "<group>"; };
		37D5EE8E2E5A0286003F2648 /* QuestaoViewController.swift */ = {isa = PBXFileReference; lastKnownFileType = sourcecode.swift; path = QuestaoViewController.swift; sourceTree = "<group>"; };
		37D5EE902E5A3AFD003F2648 /* Questao.swift */ = {isa = PBXFileReference; lastKnownFileType = sourcecode.swift; path = Questao.swift; sourceTree = "<group>"; };
		37D5EE922E5B489A003F2648 /* DesempenhoViewController.swift */ = {isa = PBXFileReference; lastKnownFileType = sourcecode.swift; path = DesempenhoViewController.swift; sourceTree = "<group>"; };
/* End PBXFileReference section */

/* Begin PBXFrameworksBuildPhase section */
		37D5EE582E59EF4D003F2648 /* Frameworks */ = {
			isa = PBXFrameworksBuildPhase;
			buildActionMask = 2147483647;
			files = (
			);
			runOnlyForDeploymentPostprocessing = 0;
		};
		37D5EE6E2E59EF53003F2648 /* Frameworks */ = {
			isa = PBXFrameworksBuildPhase;
			buildActionMask = 2147483647;
			files = (
			);
			runOnlyForDeploymentPostprocessing = 0;
		};
		37D5EE782E59EF53003F2648 /* Frameworks */ = {
			isa = PBXFrameworksBuildPhase;
			buildActionMask = 2147483647;
			files = (
			);
			runOnlyForDeploymentPostprocessing = 0;
		};
/* End PBXFrameworksBuildPhase section */

/* Begin PBXGroup section */
		37D5EE522E59EF4D003F2648 = {
			isa = PBXGroup;
			children = (
				37D5EE5D2E59EF4D003F2648 /* iQuiz */,
				37D5EE742E59EF53003F2648 /* iQuizTests */,
				37D5EE7E2E59EF53003F2648 /* iQuizUITests */,
				37D5EE5C2E59EF4D003F2648 /* Products */,
			);
			sourceTree = "<group>";
		};
		37D5EE5C2E59EF4D003F2648 /* Products */ = {
			isa = PBXGroup;
			children = (
				37D5EE5B2E59EF4D003F2648 /* iQuiz.app */,
				37D5EE712E59EF53003F2648 /* iQuizTests.xctest */,
				37D5EE7B2E59EF53003F2648 /* iQuizUITests.xctest */,
			);
			name = Products;
			sourceTree = "<group>";
		};
		37D5EE5D2E59EF4D003F2648 /* iQuiz */ = {
			isa = PBXGroup;
			children = (
				37D5EE952E5B5713003F2648 /* Model */,
				37D5EE942E5B56EC003F2648 /* ViewController */,
				37D5EE5E2E59EF4D003F2648 /* AppDelegate.swift */,
				37D5EE602E59EF4D003F2648 /* SceneDelegate.swift */,
				37D5EE642E59EF4D003F2648 /* Main.storyboard */,
				37D5EE672E59EF52003F2648 /* Assets.xcassets */,
				37D5EE692E59EF52003F2648 /* LaunchScreen.storyboard */,
				37D5EE6C2E59EF52003F2648 /* Info.plist */,
			);
			path = iQuiz;
			sourceTree = "<group>";
		};
		37D5EE742E59EF53003F2648 /* iQuizTests */ = {
			isa = PBXGroup;
			children = (
				37D5EE752E59EF53003F2648 /* iQuizTests.swift */,
			);
			path = iQuizTests;
			sourceTree = "<group>";
		};
		37D5EE7E2E59EF53003F2648 /* iQuizUITests */ = {
			isa = PBXGroup;
			children = (
				37D5EE7F2E59EF53003F2648 /* iQuizUITests.swift */,
				37D5EE812E59EF53003F2648 /* iQuizUITestsLaunchTests.swift */,
			);
			path = iQuizUITests;
			sourceTree = "<group>";
		};
		37D5EE942E5B56EC003F2648 /* ViewController */ = {
			isa = PBXGroup;
			children = (
				37D5EE622E59EF4D003F2648 /* ViewController.swift */,
				37D5EE8E2E5A0286003F2648 /* QuestaoViewController.swift */,
				37D5EE922E5B489A003F2648 /* DesempenhoViewController.swift */,
			);
			path = ViewController;
			sourceTree = "<group>";
		};
		37D5EE952E5B5713003F2648 /* Model */ = {
			isa = PBXGroup;
			children = (
				37D5EE902E5A3AFD003F2648 /* Questao.swift */,
			);
			path = Model;
			sourceTree = "<group>";
		};
/* End PBXGroup section */

/* Begin PBXNativeTarget section */
		37D5EE5A2E59EF4D003F2648 /* iQuiz */ = {
			isa = PBXNativeTarget;
			buildConfigurationList = 37D5EE852E59EF53003F2648 /* Build configuration list for PBXNativeTarget "iQuiz" */;
			buildPhases = (
				37D5EE572E59EF4D003F2648 /* Sources */,
				37D5EE582E59EF4D003F2648 /* Frameworks */,
				37D5EE592E59EF4D003F2648 /* Resources */,
			);
			buildRules = (
			);
			dependencies = (
			);
			name = iQuiz;
			productName = iQuiz;
			productReference = 37D5EE5B2E59EF4D003F2648 /* iQuiz.app */;
			productType = "com.apple.product-type.application";
		};
		37D5EE702E59EF53003F2648 /* iQuizTests */ = {
			isa = PBXNativeTarget;
			buildConfigurationList = 37D5EE882E59EF53003F2648 /* Build configuration list for PBXNativeTarget "iQuizTests" */;
			buildPhases = (
				37D5EE6D2E59EF53003F2648 /* Sources */,
				37D5EE6E2E59EF53003F2648 /* Frameworks */,
				37D5EE6F2E59EF53003F2648 /* Resources */,
			);
			buildRules = (
			);
			dependencies = (
				37D5EE732E59EF53003F2648 /* PBXTargetDependency */,
			);
			name = iQuizTests;
			productName = iQuizTests;
			productReference = 37D5EE712E59EF53003F2648 /* iQuizTests.xctest */;
			productType = "com.apple.product-type.bundle.unit-test";
		};
		37D5EE7A2E59EF53003F2648 /* iQuizUITests */ = {
			isa = PBXNativeTarget;
			buildConfigurationList = 37D5EE8B2E59EF53003F2648 /* Build configuration list for PBXNativeTarget "iQuizUITests" */;
			buildPhases = (
				37D5EE772E59EF53003F2648 /* Sources */,
				37D5EE782E59EF53003F2648 /* Frameworks */,
				37D5EE792E59EF53003F2648 /* Resources */,
			);
			buildRules = (
			);
			dependencies = (
				37D5EE7D2E59EF53003F2648 /* PBXTargetDependency */,
			);
			name = iQuizUITests;
			productName = iQuizUITests;
			productReference = 37D5EE7B2E59EF53003F2648 /* iQuizUITests.xctest */;
			productType = "com.apple.product-type.bundle.ui-testing";
		};
/* End PBXNativeTarget section */

/* Begin PBXProject section */
		37D5EE532E59EF4D003F2648 /* Project object */ = {
			isa = PBXProject;
			attributes = {
				BuildIndependentTargetsInParallel = 1;
				LastSwiftUpdateCheck = 1510;
				LastUpgradeCheck = 1510;
				TargetAttributes = {
					37D5EE5A2E59EF4D003F2648 = {
						CreatedOnToolsVersion = 15.1;
					};
					37D5EE702E59EF53003F2648 = {
						CreatedOnToolsVersion = 15.1;
						TestTargetID = 37D5EE5A2E59EF4D003F2648;
					};
					37D5EE7A2E59EF53003F2648 = {
						CreatedOnToolsVersion = 15.1;
						TestTargetID = 37D5EE5A2E59EF4D003F2648;
					};
				};
			};
			buildConfigurationList = 37D5EE562E59EF4D003F2648 /* Build configuration list for PBXProject "iQuiz" */;
			compatibilityVersion = "Xcode 14.0";
			developmentRegion = en;
			hasScannedForEncodings = 0;
			knownRegions = (
				en,
				Base,
			);
			mainGroup = 37D5EE522E59EF4D003F2648;
			productRefGroup = 37D5EE5C2E59EF4D003F2648 /* Products */;
			projectDirPath = "";
			projectRoot = "";
			targets = (
				37D5EE5A2E59EF4D003F2648 /* iQuiz */,
				37D5EE702E59EF53003F2648 /* iQuizTests */,
				37D5EE7A2E59EF53003F2648 /* iQuizUITests */,
			);
		};
/* End PBXProject section */

/* Begin PBXResourcesBuildPhase section */
		37D5EE592E59EF4D003F2648 /* Resources */ = {
			isa = PBXResourcesBuildPhase;
			buildActionMask = 2147483647;
			files = (
				37D5EE6B2E59EF52003F2648 /* LaunchScreen.storyboard in Resources */,
				37D5EE682E59EF52003F2648 /* Assets.xcassets in Resources */,
				37D5EE662E59EF4D003F2648 /* Main.storyboard in Resources */,
			);
			runOnlyForDeploymentPostprocessing = 0;
		};
		37D5EE6F2E59EF53003F2648 /* Resources */ = {
			isa = PBXResourcesBuildPhase;
			buildActionMask = 2147483647;
			files = (
			);
			runOnlyForDeploymentPostprocessing = 0;
		};
		37D5EE792E59EF53003F2648 /* Resources */ = {
			isa = PBXResourcesBuildPhase;
			buildActionMask = 2147483647;
			files = (
			);
			runOnlyForDeploymentPostprocessing = 0;
		};
/* End PBXResourcesBuildPhase section */

/* Begin PBXSourcesBuildPhase section */
		37D5EE572E59EF4D003F2648 /* Sources */ = {
			isa = PBXSourcesBuildPhase;
			buildActionMask = 2147483647;
			files = (
				37D5EE632E59EF4D003F2648 /* ViewController.swift in Sources */,
				37D5EE5F2E59EF4D003F2648 /* AppDelegate.swift in Sources */,
				37D5EE612E59EF4D003F2648 /* SceneDelegate.swift in Sources */,
				37D5EE912E5A3AFD003F2648 /* Questao.swift in Sources */,
				37D5EE932E5B489A003F2648 /* DesempenhoViewController.swift in Sources */,
				37D5EE8F2E5A0286003F2648 /* QuestaoViewController.swift in Sources */,
			);
			runOnlyForDeploymentPostprocessing = 0;
		};
		37D5EE6D2E59EF53003F2648 /* Sources */ = {
			isa = PBXSourcesBuildPhase;
			buildActionMask = 2147483647;
			files = (
				37D5EE762E59EF53003F2648 /* iQuizTests.swift in Sources */,
			);
			runOnlyForDeploymentPostprocessing = 0;
		};
		37D5EE772E59EF53003F2648 /* Sources */ = {
			isa = PBXSourcesBuildPhase;
			buildActionMask = 2147483647;
			files = (
				37D5EE802E59EF53003F2648 /* iQuizUITests.swift in Sources */,
				37D5EE822E59EF53003F2648 /* iQuizUITestsLaunchTests.swift in Sources */,
			);
			runOnlyForDeploymentPostprocessing = 0;
		};
/* End PBXSourcesBuildPhase section */

/* Begin PBXTargetDependency section */
		37D5EE732E59EF53003F2648 /* PBXTargetDependency */ = {
			isa = PBXTargetDependency;
			target = 37D5EE5A2E59EF4D003F2648 /* iQuiz */;
			targetProxy = 37D5EE722E59EF53003F2648 /* PBXContainerItemProxy */;
		};
		37D5EE7D2E59EF53003F2648 /* PBXTargetDependency */ = {
			isa = PBXTargetDependency;
			target = 37D5EE5A2E59EF4D003F2648 /* iQuiz */;
			targetProxy = 37D5EE7C2E59EF53003F2648 /* PBXContainerItemProxy */;
		};
/* End PBXTargetDependency section */

/* Begin PBXVariantGroup section */
		37D5EE642E59EF4D003F2648 /* Main.storyboard */ = {
			isa = PBXVariantGroup;
			children = (
				37D5EE652E59EF4D003F2648 /* Base */,
			);
			name = Main.storyboard;
			sourceTree = "<group>";
		};
		37D5EE692E59EF52003F2648 /* LaunchScreen.storyboard */ = {
			isa = PBXVariantGroup;
			children = (
				37D5EE6A2E59EF52003F2648 /* Base */,
			);
			name = LaunchScreen.storyboard;
			sourceTree = "<group>";
		};
/* End PBXVariantGroup section */

/* Begin XCBuildConfiguration section */
		37D5EE832E59EF53003F2648 /* Debug */ = {
			isa = XCBuildConfiguration;
			buildSettings = {
				ALWAYS_SEARCH_USER_PATHS = NO;
				ASSETCATALOG_COMPILER_GENERATE_SWIFT_ASSET_SYMBOL_EXTENSIONS = YES;
				CLANG_ANALYZER_NONNULL = YES;
				CLANG_ANALYZER_NUMBER_OBJECT_CONVERSION = YES_AGGRESSIVE;
				CLANG_CXX_LANGUAGE_STANDARD = "gnu++20";
				CLANG_ENABLE_MODULES = YES;
				CLANG_ENABLE_OBJC_ARC = YES;
				CLANG_ENABLE_OBJC_WEAK = YES;
				CLANG_WARN_BLOCK_CAPTURE_AUTORELEASING = YES;
				CLANG_WARN_BOOL_CONVERSION = YES;
				CLANG_WARN_COMMA = YES;
				CLANG_WARN_CONSTANT_CONVERSION = YES;
				CLANG_WARN_DEPRECATED_OBJC_IMPLEMENTATIONS = YES;
				CLANG_WARN_DIRECT_OBJC_ISA_USAGE = YES_ERROR;
				CLANG_WARN_DOCUMENTATION_COMMENTS = YES;
				CLANG_WARN_EMPTY_BODY = YES;
				CLANG_WARN_ENUM_CONVERSION = YES;
				CLANG_WARN_INFINITE_RECURSION = YES;
				CLANG_WARN_INT_CONVERSION = YES;
				CLANG_WARN_NON_LITERAL_NULL_CONVERSION = YES;
				CLANG_WARN_OBJC_IMPLICIT_RETAIN_SELF = YES;
				CLANG_WARN_OBJC_LITERAL_CONVERSION = YES;
				CLANG_WARN_OBJC_ROOT_CLASS = YES_ERROR;
				CLANG_WARN_QUOTED_INCLUDE_IN_FRAMEWORK_HEADER = YES;
				CLANG_WARN_RANGE_LOOP_ANALYSIS = YES;
				CLANG_WARN_STRICT_PROTOTYPES = YES;
				CLANG_WARN_SUSPICIOUS_MOVE = YES;
				CLANG_WARN_UNGUARDED_AVAILABILITY = YES_AGGRESSIVE;
				CLANG_WARN_UNREACHABLE_CODE = YES;
				CLANG_WARN__DUPLICATE_METHOD_MATCH = YES;
				COPY_PHASE_STRIP = NO;
				DEBUG_INFORMATION_FORMAT = dwarf;
				ENABLE_STRICT_OBJC_MSGSEND = YES;
				ENABLE_TESTABILITY = YES;
				ENABLE_USER_SCRIPT_SANDBOXING = YES;
				GCC_C_LANGUAGE_STANDARD = gnu17;
				GCC_DYNAMIC_NO_PIC = NO;
				GCC_NO_COMMON_BLOCKS = YES;
				GCC_OPTIMIZATION_LEVEL = 0;
				GCC_PREPROCESSOR_DEFINITIONS = (
					"DEBUG=1",
					"$(inherited)",
				);
				GCC_WARN_64_TO_32_BIT_CONVERSION = YES;
				GCC_WARN_ABOUT_RETURN_TYPE = YES_ERROR;
				GCC_WARN_UNDECLARED_SELECTOR = YES;
				GCC_WARN_UNINITIALIZED_AUTOS = YES_AGGRESSIVE;
				GCC_WARN_UNUSED_FUNCTION = YES;
				GCC_WARN_UNUSED_VARIABLE = YES;
				IPHONEOS_DEPLOYMENT_TARGET = 17.2;
				LOCALIZATION_PREFERS_STRING_CATALOGS = YES;
				MTL_ENABLE_DEBUG_INFO = INCLUDE_SOURCE;
				MTL_FAST_MATH = YES;
				ONLY_ACTIVE_ARCH = YES;
				SDKROOT = iphoneos;
				SWIFT_ACTIVE_COMPILATION_CONDITIONS = "DEBUG $(inherited)";
				SWIFT_OPTIMIZATION_LEVEL = "-Onone";
			};
			name = Debug;
		};
		37D5EE842E59EF53003F2648 /* Release */ = {
			isa = XCBuildConfiguration;
			buildSettings = {
				ALWAYS_SEARCH_USER_PATHS = NO;
				ASSETCATALOG_COMPILER_GENERATE_SWIFT_ASSET_SYMBOL_EXTENSIONS = YES;
				CLANG_ANALYZER_NONNULL = YES;
				CLANG_ANALYZER_NUMBER_OBJECT_CONVERSION = YES_AGGRESSIVE;
				CLANG_CXX_LANGUAGE_STANDARD = "gnu++20";
				CLANG_ENABLE_MODULES = YES;
				CLANG_ENABLE_OBJC_ARC = YES;
				CLANG_ENABLE_OBJC_WEAK = YES;
				CLANG_WARN_BLOCK_CAPTURE_AUTORELEASING = YES;
				CLANG_WARN_BOOL_CONVERSION = YES;
				CLANG_WARN_COMMA = YES;
				CLANG_WARN_CONSTANT_CONVERSION = YES;
				CLANG_WARN_DEPRECATED_OBJC_IMPLEMENTATIONS = YES;
				CLANG_WARN_DIRECT_OBJC_ISA_USAGE = YES_ERROR;
				CLANG_WARN_DOCUMENTATION_COMMENTS = YES;
				CLANG_WARN_EMPTY_BODY = YES;
				CLANG_WARN_ENUM_CONVERSION = YES;
				CLANG_WARN_INFINITE_RECURSION = YES;
				CLANG_WARN_INT_CONVERSION = YES;
				CLANG_WARN_NON_LITERAL_NULL_CONVERSION = YES;
				CLANG_WARN_OBJC_IMPLICIT_RETAIN_SELF = YES;
				CLANG_WARN_OBJC_LITERAL_CONVERSION = YES;
				CLANG_WARN_OBJC_ROOT_CLASS = YES_ERROR;
				CLANG_WARN_QUOTED_INCLUDE_IN_FRAMEWORK_HEADER = YES;
				CLANG_WARN_RANGE_LOOP_ANALYSIS = YES;
				CLANG_WARN_STRICT_PROTOTYPES = YES;
				CLANG_WARN_SUSPICIOUS_MOVE = YES;
				CLANG_WARN_UNGUARDED_AVAILABILITY = YES_AGGRESSIVE;
				CLANG_WARN_UNREACHABLE_CODE = YES;
				CLANG_WARN__DUPLICATE_METHOD_MATCH = YES;
				COPY_PHASE_STRIP = NO;
				DEBUG_INFORMATION_FORMAT = "dwarf-with-dsym";
				ENABLE_NS_ASSERTIONS = NO;
				ENABLE_STRICT_OBJC_MSGSEND = YES;
				ENABLE_USER_SCRIPT_SANDBOXING = YES;
				GCC_C_LANGUAGE_STANDARD = gnu17;
				GCC_NO_COMMON_BLOCKS = YES;
				GCC_WARN_64_TO_32_BIT_CONVERSION = YES;
				GCC_WARN_ABOUT_RETURN_TYPE = YES_ERROR;
				GCC_WARN_UNDECLARED_SELECTOR = YES;
				GCC_WARN_UNINITIALIZED_AUTOS = YES_AGGRESSIVE;
				GCC_WARN_UNUSED_FUNCTION = YES;
				GCC_WARN_UNUSED_VARIABLE = YES;
				IPHONEOS_DEPLOYMENT_TARGET = 17.2;
				LOCALIZATION_PREFERS_STRING_CATALOGS = YES;
				MTL_ENABLE_DEBUG_INFO = NO;
				MTL_FAST_MATH = YES;
				SDKROOT = iphoneos;
				SWIFT_COMPILATION_MODE = wholemodule;
				VALIDATE_PRODUCT = YES;
			};
			name = Release;
		};
		37D5EE862E59EF53003F2648 /* Debug */ = {
			isa = XCBuildConfiguration;
			buildSettings = {
				ASSETCATALOG_COMPILER_APPICON_NAME = AppIcon;
				ASSETCATALOG_COMPILER_GLOBAL_ACCENT_COLOR_NAME = AccentColor;
				CODE_SIGN_STYLE = Automatic;
				CURRENT_PROJECT_VERSION = 1;
				GENERATE_INFOPLIST_FILE = YES;
				INFOPLIST_FILE = iQuiz/Info.plist;
				INFOPLIST_KEY_UIApplicationSupportsIndirectInputEvents = YES;
				INFOPLIST_KEY_UILaunchStoryboardName = LaunchScreen;
				INFOPLIST_KEY_UIMainStoryboardFile = Main;
				INFOPLIST_KEY_UISupportedInterfaceOrientations_iPad = "UIInterfaceOrientationPortrait UIInterfaceOrientationPortraitUpsideDown UIInterfaceOrientationLandscapeLeft UIInterfaceOrientationLandscapeRight";
				INFOPLIST_KEY_UISupportedInterfaceOrientations_iPhone = "UIInterfaceOrientationPortrait UIInterfaceOrientationLandscapeLeft UIInterfaceOrientationLandscapeRight";
				LD_RUNPATH_SEARCH_PATHS = (
					"$(inherited)",
					"@executable_path/Frameworks",
				);
				MARKETING_VERSION = 1.0;
				PRODUCT_BUNDLE_IDENTIFIER = eduardo.iQuiz;
				PRODUCT_NAME = "$(TARGET_NAME)";
				SWIFT_EMIT_LOC_STRINGS = YES;
				SWIFT_VERSION = 5.0;
				TARGETED_DEVICE_FAMILY = "1,2";
			};
			name = Debug;
		};
		37D5EE872E59EF53003F2648 /* Release */ = {
			isa = XCBuildConfiguration;
			buildSettings = {
				ASSETCATALOG_COMPILER_APPICON_NAME = AppIcon;
				ASSETCATALOG_COMPILER_GLOBAL_ACCENT_COLOR_NAME = AccentColor;
				CODE_SIGN_STYLE = Automatic;
				CURRENT_PROJECT_VERSION = 1;
				GENERATE_INFOPLIST_FILE = YES;
				INFOPLIST_FILE = iQuiz/Info.plist;
				INFOPLIST_KEY_UIApplicationSupportsIndirectInputEvents = YES;
				INFOPLIST_KEY_UILaunchStoryboardName = LaunchScreen;
				INFOPLIST_KEY_UIMainStoryboardFile = Main;
				INFOPLIST_KEY_UISupportedInterfaceOrientations_iPad = "UIInterfaceOrientationPortrait UIInterfaceOrientationPortraitUpsideDown UIInterfaceOrientationLandscapeLeft UIInterfaceOrientationLandscapeRight";
				INFOPLIST_KEY_UISupportedInterfaceOrientations_iPhone = "UIInterfaceOrientationPortrait UIInterfaceOrientationLandscapeLeft UIInterfaceOrientationLandscapeRight";
				LD_RUNPATH_SEARCH_PATHS = (
					"$(inherited)",
					"@executable_path/Frameworks",
				);
				MARKETING_VERSION = 1.0;
				PRODUCT_BUNDLE_IDENTIFIER = eduardo.iQuiz;
				PRODUCT_NAME = "$(TARGET_NAME)";
				SWIFT_EMIT_LOC_STRINGS = YES;
				SWIFT_VERSION = 5.0;
				TARGETED_DEVICE_FAMILY = "1,2";
			};
			name = Release;
		};
		37D5EE892E59EF53003F2648 /* Debug */ = {
			isa = XCBuildConfiguration;
			buildSettings = {
				ALWAYS_EMBED_SWIFT_STANDARD_LIBRARIES = YES;
				BUNDLE_LOADER = "$(TEST_HOST)";
				CODE_SIGN_STYLE = Automatic;
				CURRENT_PROJECT_VERSION = 1;
				GENERATE_INFOPLIST_FILE = YES;
				IPHONEOS_DEPLOYMENT_TARGET = 17.2;
				MARKETING_VERSION = 1.0;
				PRODUCT_BUNDLE_IDENTIFIER = eduardo.iQuizTests;
				PRODUCT_NAME = "$(TARGET_NAME)";
				SWIFT_EMIT_LOC_STRINGS = NO;
				SWIFT_VERSION = 5.0;
				TARGETED_DEVICE_FAMILY = "1,2";
				TEST_HOST = "$(BUILT_PRODUCTS_DIR)/iQuiz.app/$(BUNDLE_EXECUTABLE_FOLDER_PATH)/iQuiz";
			};
			name = Debug;
		};
		37D5EE8A2E59EF53003F2648 /* Release */ = {
			isa = XCBuildConfiguration;
			buildSettings = {
				ALWAYS_EMBED_SWIFT_STANDARD_LIBRARIES = YES;
				BUNDLE_LOADER = "$(TEST_HOST)";
				CODE_SIGN_STYLE = Automatic;
				CURRENT_PROJECT_VERSION = 1;
				GENERATE_INFOPLIST_FILE = YES;
				IPHONEOS_DEPLOYMENT_TARGET = 17.2;
				MARKETING_VERSION = 1.0;
				PRODUCT_BUNDLE_IDENTIFIER = eduardo.iQuizTests;
				PRODUCT_NAME = "$(TARGET_NAME)";
				SWIFT_EMIT_LOC_STRINGS = NO;
				SWIFT_VERSION = 5.0;
				TARGETED_DEVICE_FAMILY = "1,2";
				TEST_HOST = "$(BUILT_PRODUCTS_DIR)/iQuiz.app/$(BUNDLE_EXECUTABLE_FOLDER_PATH)/iQuiz";
			};
			name = Release;
		};
		37D5EE8C2E59EF53003F2648 /* Debug */ = {
			isa = XCBuildConfiguration;
			buildSettings = {
				ALWAYS_EMBED_SWIFT_STANDARD_LIBRARIES = YES;
				CODE_SIGN_STYLE = Automatic;
				CURRENT_PROJECT_VERSION = 1;
				GENERATE_INFOPLIST_FILE = YES;
				MARKETING_VERSION = 1.0;
				PRODUCT_BUNDLE_IDENTIFIER = eduardo.iQuizUITests;
				PRODUCT_NAME = "$(TARGET_NAME)";
				SWIFT_EMIT_LOC_STRINGS = NO;
				SWIFT_VERSION = 5.0;
				TARGETED_DEVICE_FAMILY = "1,2";
				TEST_TARGET_NAME = iQuiz;
			};
			name = Debug;
		};
		37D5EE8D2E59EF53003F2648 /* Release */ = {
			isa = XCBuildConfiguration;
			buildSettings = {
				ALWAYS_EMBED_SWIFT_STANDARD_LIBRARIES = YES;
				CODE_SIGN_STYLE = Automatic;
				CURRENT_PROJECT_VERSION = 1;
				GENERATE_INFOPLIST_FILE = YES;
				MARKETING_VERSION = 1.0;
				PRODUCT_BUNDLE_IDENTIFIER = eduardo.iQuizUITests;
				PRODUCT_NAME = "$(TARGET_NAME)";
				SWIFT_EMIT_LOC_STRINGS = NO;
				SWIFT_VERSION = 5.0;
				TARGETED_DEVICE_FAMILY = "1,2";
				TEST_TARGET_NAME = iQuiz;
			};
			name = Release;
		};
/* End XCBuildConfiguration section */

/* Begin XCConfigurationList section */
		37D5EE562E59EF4D003F2648 /* Build configuration list for PBXProject "iQuiz" */ = {
			isa = XCConfigurationList;
			buildConfigurations = (
				37D5EE832E59EF53003F2648 /* Debug */,
				37D5EE842E59EF53003F2648 /* Release */,
			);
			defaultConfigurationIsVisible = 0;
			defaultConfigurationName = Release;
		};
		37D5EE852E59EF53003F2648 /* Build configuration list for PBXNativeTarget "iQuiz" */ = {
			isa = XCConfigurationList;
			buildConfigurations = (
				37D5EE862E59EF53003F2648 /* Debug */,
				37D5EE872E59EF53003F2648 /* Release */,
			);
			defaultConfigurationIsVisible = 0;
			defaultConfigurationName = Release;
		};
		37D5EE882E59EF53003F2648 /* Build configuration list for PBXNativeTarget "iQuizTests" */ = {
			isa = XCConfigurationList;
			buildConfigurations = (
				37D5EE892E59EF53003F2648 /* Debug */,
				37D5EE8A2E59EF53003F2648 /* Release */,
			);
			defaultConfigurationIsVisible = 0;
			defaultConfigurationName = Release;
		};
		37D5EE8B2E59EF53003F2648 /* Build configuration list for PBXNativeTarget "iQuizUITests" */ = {
			isa = XCConfigurationList;
			buildConfigurations = (
				37D5EE8C2E59EF53003F2648 /* Debug */,
				37D5EE8D2E59EF53003F2648 /* Release */,
			);
			defaultConfigurationIsVisible = 0;
			defaultConfigurationName = Release;
		};
/* End XCConfigurationList section */
	};
	rootObject = 37D5EE532E59EF4D003F2648 /* Project object */;
}
